// !$*UTF8*$!
{
	archiveVersion = 1;
	classes = {
	};
	objectVersion = 50;
	objects = {

/* Begin PBXBuildFile section */
		7CE91C1B238E7BA000CD499A /* AppDelegate.swift in Sources */ = {isa = PBXBuildFile; fileRef = 7CE91C1A238E7BA000CD499A /* AppDelegate.swift */; };
		7CE91C1F238E7BA000CD499A /* ViewController.swift in Sources */ = {isa = PBXBuildFile; fileRef = 7CE91C1E238E7BA000CD499A /* ViewController.swift */; };
		7CE91C22238E7BA000CD499A /* Main.storyboard in Resources */ = {isa = PBXBuildFile; fileRef = 7CE91C20238E7BA000CD499A /* Main.storyboard */; };
		7CE91C24238E7BA200CD499A /* Assets.xcassets in Resources */ = {isa = PBXBuildFile; fileRef = 7CE91C23238E7BA200CD499A /* Assets.xcassets */; };
		7CE91C27238E7BA200CD499A /* LaunchScreen.storyboard in Resources */ = {isa = PBXBuildFile; fileRef = 7CE91C25238E7BA200CD499A /* LaunchScreen.storyboard */; };
		7CE91C2F238E8D1B00CD499A /* Station.swift in Sources */ = {isa = PBXBuildFile; fileRef = 7CE91C2E238E8D1B00CD499A /* Station.swift */; };
/* End PBXBuildFile section */

/* Begin PBXFileReference section */
		7CE91C17238E7BA000CD499A /* Week4JSONApp.app */ = {isa = PBXFileReference; explicitFileType = wrapper.application; includeInIndex = 0; path = Week4JSONApp.app; sourceTree = BUILT_PRODUCTS_DIR; };
		7CE91C1A238E7BA000CD499A /* AppDelegate.swift */ = {isa = PBXFileReference; lastKnownFileType = sourcecode.swift; path = AppDelegate.swift; sourceTree = "<group>"; };
		7CE91C1E238E7BA000CD499A /* ViewController.swift */ = {isa = PBXFileReference; lastKnownFileType = sourcecode.swift; path = ViewController.swift; sourceTree = "<group>"; };
		7CE91C21238E7BA000CD499A /* Base */ = {isa = PBXFileReference; lastKnownFileType = file.storyboard; name = Base; path = Base.lproj/Main.storyboard; sourceTree = "<group>"; };
		7CE91C23238E7BA200CD499A /* Assets.xcassets */ = {isa = PBXFileReference; lastKnownFileType = folder.assetcatalog; path = Assets.xcassets; sourceTree = "<group>"; };
		7CE91C26238E7BA200CD499A /* Base */ = {isa = PBXFileReference; lastKnownFileType = file.storyboard; name = Base; path = Base.lproj/LaunchScreen.storyboard; sourceTree = "<group>"; };
		7CE91C28238E7BA200CD499A /* Info.plist */ = {isa = PBXFileReference; lastKnownFileType = text.plist.xml; path = Info.plist; sourceTree = "<group>"; };
		7CE91C2E238E8D1B00CD499A /* Station.swift */ = {isa = PBXFileReference; lastKnownFileType = sourcecode.swift; path = Station.swift; sourceTree = "<group>"; };
/* End PBXFileReference section */

/* Begin PBXFrameworksBuildPhase section */
		7CE91C14238E7BA000CD499A /* Frameworks */ = {
			isa = PBXFrameworksBuildPhase;
			buildActionMask = 2147483647;
			files = (
			);
			runOnlyForDeploymentPostprocessing = 0;
		};
/* End PBXFrameworksBuildPhase section */

/* Begin PBXGroup section */
		7CE91C0E238E7BA000CD499A = {
			isa = PBXGroup;
			children = (
				7CE91C19238E7BA000CD499A /* Week4JSONApp */,
				7CE91C18238E7BA000CD499A /* Products */,
			);
			sourceTree = "<group>";
		};
		7CE91C18238E7BA000CD499A /* Products */ = {
			isa = PBXGroup;
			children = (
				7CE91C17238E7BA000CD499A /* Week4JSONApp.app */,
			);
			name = Products;
			sourceTree = "<group>";
		};
		7CE91C19238E7BA000CD499A /* Week4JSONApp */ = {
			isa = PBXGroup;
			children = (
				7CE91C2E238E8D1B00CD499A /* Station.swift */,
				7CE91C1A238E7BA000CD499A /* AppDelegate.swift */,
				7CE91C1E238E7BA000CD499A /* ViewController.swift */,
				7CE91C20238E7BA000CD499A /* Main.storyboard */,
				7CE91C23238E7BA200CD499A /* Assets.xcassets */,
				7CE91C25238E7BA200CD499A /* LaunchScreen.storyboard */,
				7CE91C28238E7BA200CD499A /* Info.plist */,
			);
			path = Week4JSONApp;
			sourceTree = "<group>";
		};
/* End PBXGroup section */

/* Begin PBXNativeTarget section */
		7CE91C16238E7BA000CD499A /* Week4JSONApp */ = {
			isa = PBXNativeTarget;
			buildConfigurationList = 7CE91C2B238E7BA200CD499A /* Build configuration list for PBXNativeTarget "Week4JSONApp" */;
			buildPhases = (
				7CE91C13238E7BA000CD499A /* Sources */,
				7CE91C14238E7BA000CD499A /* Frameworks */,
				7CE91C15238E7BA000CD499A /* Resources */,
			);
			buildRules = (
			);
			dependencies = (
			);
			name = Week4JSONApp;
			productName = Week4JSONApp;
			productReference = 7CE91C17238E7BA000CD499A /* Week4JSONApp.app */;
			productType = "com.apple.product-type.application";
		};
/* End PBXNativeTarget section */

/* Begin PBXProject section */
		7CE91C0F238E7BA000CD499A /* Project object */ = {
			isa = PBXProject;
			attributes = {
				LastSwiftUpdateCheck = 1120;
				LastUpgradeCheck = 1120;
				ORGANIZATIONNAME = "Charles Hsieh";
				TargetAttributes = {
					7CE91C16238E7BA000CD499A = {
						CreatedOnToolsVersion = 11.2.1;
					};
				};
			};
			buildConfigurationList = 7CE91C12238E7BA000CD499A /* Build configuration list for PBXProject "Week4JSONApp" */;
			compatibilityVersion = "Xcode 9.3";
			developmentRegion = en;
			hasScannedForEncodings = 0;
			knownRegions = (
				en,
				Base,
			);
			mainGroup = 7CE91C0E238E7BA000CD499A;
			productRefGroup = 7CE91C18238E7BA000CD499A /* Products */;
			projectDirPath = "";
			projectRoot = "";
			targets = (
				7CE91C16238E7BA000CD499A /* Week4JSONApp */,
			);
		};
/* End PBXProject section */

/* Begin PBXResourcesBuildPhase section */
		7CE91C15238E7BA000CD499A /* Resources */ = {
			isa = PBXResourcesBuildPhase;
			buildActionMask = 2147483647;
			files = (
				7CE91C27238E7BA200CD499A /* LaunchScreen.storyboard in Resources */,
				7CE91C24238E7BA200CD499A /* Assets.xcassets in Resources */,
				7CE91C22238E7BA000CD499A /* Main.storyboard in Resources */,
			);
			runOnlyForDeploymentPostprocessing = 0;
		};
/* End PBXResourcesBuildPhase section */

/* Begin PBXSourcesBuildPhase section */
		7CE91C13238E7BA000CD499A /* Sources */ = {
			isa = PBXSourcesBuildPhase;
			buildActionMask = 2147483647;
			files = (
				7CE91C1F238E7BA000CD499A /* ViewController.swift in Sources */,
				7CE91C2F238E8D1B00CD499A /* Station.swift in Sources */,
				7CE91C1B238E7BA000CD499A /* AppDelegate.swift in Sources */,
			);
			runOnlyForDeploymentPostprocessing = 0;
		};
/* End PBXSourcesBuildPhase section */

/* Begin PBXVariantGroup section */
		7CE91C20238E7BA000CD499A /* Main.storyboard */ = {
			isa = PBXVariantGroup;
			children = (
				7CE91C21238E7BA000CD499A /* Base */,
			);
			name = Main.storyboard;
			sourceTree = "<group>";
		};
		7CE91C25238E7BA200CD499A /* LaunchScreen.storyboard */ = {
			isa = PBXVariantGroup;
			children = (
				7CE91C26238E7BA200CD499A /* Base */,
			);
			name = LaunchScreen.storyboard;
			sourceTree = "<group>";
		};
/* End PBXVariantGroup section */

/* Begin XCBuildConfiguration section */
		7CE91C29238E7BA200CD499A /* Debug */ = {
			isa = XCBuildConfiguration;
			buildSettings = {
				ALWAYS_SEARCH_USER_PATHS = NO;
				CLANG_ANALYZER_NONNULL = YES;
				CLANG_ANALYZER_NUMBER_OBJECT_CONVERSION = YES_AGGRESSIVE;
				CLANG_CXX_LANGUAGE_STANDARD = "gnu++14";
				CLANG_CXX_LIBRARY = "libc++";
				CLANG_ENABLE_MODULES = YES;
				CLANG_ENABLE_OBJC_ARC = YES;
				CLANG_ENABLE_OBJC_WEAK = YES;
				CLANG_WARN_BLOCK_CAPTURE_AUTORELEASING = YES;
				CLANG_WARN_BOOL_CONVERSION = YES;
				CLANG_WARN_COMMA = YES;
				CLANG_WARN_CONSTANT_CONVERSION = YES;
				CLANG_WARN_DEPRECATED_OBJC_IMPLEMENTATIONS = YES;
				CLANG_WARN_DIRECT_OBJC_ISA_USAGE = YES_ERROR;
				CLANG_WARN_DOCUMENTATION_COMMENTS = YES;
				CLANG_WARN_EMPTY_BODY = YES;
				CLANG_WARN_ENUM_CONVERSION = YES;
				CLANG_WARN_INFINITE_RECURSION = YES;
				CLANG_WARN_INT_CONVERSION = YES;
				CLANG_WARN_NON_LITERAL_NULL_CONVERSION = YES;
				CLANG_WARN_OBJC_IMPLICIT_RETAIN_SELF = YES;
				CLANG_WARN_OBJC_LITERAL_CONVERSION = YES;
				CLANG_WARN_OBJC_ROOT_CLASS = YES_ERROR;
				CLANG_WARN_RANGE_LOOP_ANALYSIS = YES;
				CLANG_WARN_STRICT_PROTOTYPES = YES;
				CLANG_WARN_SUSPICIOUS_MOVE = YES;
				CLANG_WARN_UNGUARDED_AVAILABILITY = YES_AGGRESSIVE;
				CLANG_WARN_UNREACHABLE_CODE = YES;
				CLANG_WARN__DUPLICATE_METHOD_MATCH = YES;
				COPY_PHASE_STRIP = NO;
				DEBUG_INFORMATION_FORMAT = dwarf;
				ENABLE_STRICT_OBJC_MSGSEND = YES;
				ENABLE_TESTABILITY = YES;
				GCC_C_LANGUAGE_STANDARD = gnu11;
				GCC_DYNAMIC_NO_PIC = NO;
				GCC_NO_COMMON_BLOCKS = YES;
				GCC_OPTIMIZATION_LEVEL = 0;
				GCC_PREPROCESSOR_DEFINITIONS = (
					"DEBUG=1",
					"$(inherited)",
				);
				GCC_WARN_64_TO_32_BIT_CONVERSION = YES;
				GCC_WARN_ABOUT_RETURN_TYPE = YES_ERROR;
				GCC_WARN_UNDECLARED_SELECTOR = YES;
				GCC_WARN_UNINITIALIZED_AUTOS = YES_AGGRESSIVE;
				GCC_WARN_UNUSED_FUNCTION = YES;
				GCC_WARN_UNUSED_VARIABLE = YES;
				IPHONEOS_DEPLOYMENT_TARGET = 13.2;
				MTL_ENABLE_DEBUG_INFO = INCLUDE_SOURCE;
				MTL_FAST_MATH = YES;
				ONLY_ACTIVE_ARCH = YES;
				SDKROOT = iphoneos;
				SWIFT_ACTIVE_COMPILATION_CONDITIONS = DEBUG;
				SWIFT_OPTIMIZATION_LEVEL = "-Onone";
			};
			name = Debug;
		};
		7CE91C2A238E7BA200CD499A /* Release */ = {
			isa = XCBuildConfiguration;
			buildSettings = {
				ALWAYS_SEARCH_USER_PATHS = NO;
				CLANG_ANALYZER_NONNULL = YES;
				CLANG_ANALYZER_NUMBER_OBJECT_CONVERSION = YES_AGGRESSIVE;
				CLANG_CXX_LANGUAGE_STANDARD = "gnu++14";
				CLANG_CXX_LIBRARY = "libc++";
				CLANG_ENABLE_MODULES = YES;
				CLANG_ENABLE_OBJC_ARC = YES;
				CLANG_ENABLE_OBJC_WEAK = YES;
				CLANG_WARN_BLOCK_CAPTURE_AUTORELEASING = YES;
				CLANG_WARN_BOOL_CONVERSION = YES;
				CLANG_WARN_COMMA = YES;
				CLANG_WARN_CONSTANT_CONVERSION = YES;
				CLANG_WARN_DEPRECATED_OBJC_IMPLEMENTATIONS = YES;
				CLANG_WARN_DIRECT_OBJC_ISA_USAGE = YES_ERROR;
				CLANG_WARN_DOCUMENTATION_COMMENTS = YES;
				CLANG_WARN_EMPTY_BODY = YES;
				CLANG_WARN_ENUM_CONVERSION = YES;
				CLANG_WARN_INFINITE_RECURSION = YES;
				CLANG_WARN_INT_CONVERSION = YES;
				CLANG_WARN_NON_LITERAL_NULL_CONVERSION = YES;
				CLANG_WARN_OBJC_IMPLICIT_RETAIN_SELF = YES;
				CLANG_WARN_OBJC_LITERAL_CONVERSION = YES;
				CLANG_WARN_OBJC_ROOT_CLASS = YES_ERROR;
				CLANG_WARN_RANGE_LOOP_ANALYSIS = YES;
				CLANG_WARN_STRICT_PROTOTYPES = YES;
				CLANG_WARN_SUSPICIOUS_MOVE = YES;
				CLANG_WARN_UNGUARDED_AVAILABILITY = YES_AGGRESSIVE;
				CLANG_WARN_UNREACHABLE_CODE = YES;
				CLANG_WARN__DUPLICATE_METHOD_MATCH = YES;
				COPY_PHASE_STRIP = NO;
				DEBUG_INFORMATION_FORMAT = "dwarf-with-dsym";
				ENABLE_NS_ASSERTIONS = NO;
				ENABLE_STRICT_OBJC_MSGSEND = YES;
				GCC_C_LANGUAGE_STANDARD = gnu11;
				GCC_NO_COMMON_BLOCKS = YES;
				GCC_WARN_64_TO_32_BIT_CONVERSION = YES;
				GCC_WARN_ABOUT_RETURN_TYPE = YES_ERROR;
				GCC_WARN_UNDECLARED_SELECTOR = YES;
				GCC_WARN_UNINITIALIZED_AUTOS = YES_AGGRESSIVE;
				GCC_WARN_UNUSED_FUNCTION = YES;
				GCC_WARN_UNUSED_VARIABLE = YES;
				IPHONEOS_DEPLOYMENT_TARGET = 13.2;
				MTL_ENABLE_DEBUG_INFO = NO;
				MTL_FAST_MATH = YES;
				SDKROOT = iphoneos;
				SWIFT_COMPILATION_MODE = wholemodule;
				SWIFT_OPTIMIZATION_LEVEL = "-O";
				VALIDATE_PRODUCT = YES;
			};
			name = Release;
		};
		7CE91C2C238E7BA200CD499A /* Debug */ = {
			isa = XCBuildConfiguration;
			buildSettings = {
				ASSETCATALOG_COMPILER_APPICON_NAME = AppIcon;
				CODE_SIGN_STYLE = Automatic;
				DEVELOPMENT_TEAM = HW9KY3R5BK;
				INFOPLIST_FILE = Week4JSONApp/Info.plist;
				LD_RUNPATH_SEARCH_PATHS = (
					"$(inherited)",
					"@executable_path/Frameworks",
				);
				PRODUCT_BUNDLE_IDENTIFIER = com.charleshs.Week4JSONApp;
				PRODUCT_NAME = "$(TARGET_NAME)";
				SWIFT_VERSION = 5.0;
				TARGETED_DEVICE_FAMILY = "1,2";
			};
			name = Debug;
		};
		7CE91C2D238E7BA200CD499A /* Release */ = {
			isa = XCBuildConfiguration;
			buildSettings = {
				ASSETCATALOG_COMPILER_APPICON_NAME = AppIcon;
				CODE_SIGN_STYLE = Automatic;
				DEVELOPMENT_TEAM = HW9KY3R5BK;
				INFOPLIST_FILE = Week4JSONApp/Info.plist;
				LD_RUNPATH_SEARCH_PATHS = (
					"$(inherited)",
					"@executable_path/Frameworks",
				);
				PRODUCT_BUNDLE_IDENTIFIER = com.charleshs.Week4JSONApp;
				PRODUCT_NAME = "$(TARGET_NAME)";
				SWIFT_VERSION = 5.0;
				TARGETED_DEVICE_FAMILY = "1,2";
			};
			name = Release;
		};
/* End XCBuildConfiguration section */

/* Begin XCConfigurationList section */
		7CE91C12238E7BA000CD499A /* Build configuration list for PBXProject "Week4JSONApp" */ = {
			isa = XCConfigurationList;
			buildConfigurations = (
				7CE91C29238E7BA200CD499A /* Debug */,
				7CE91C2A238E7BA200CD499A /* Release */,
			);
			defaultConfigurationIsVisible = 0;
			defaultConfigurationName = Release;
		};
		7CE91C2B238E7BA200CD499A /* Build configuration list for PBXNativeTarget "Week4JSONApp" */ = {
			isa = XCConfigurationList;
			buildConfigurations = (
				7CE91C2C238E7BA200CD499A /* Debug */,
				7CE91C2D238E7BA200CD499A /* Release */,
			);
			defaultConfigurationIsVisible = 0;
			defaultConfigurationName = Release;
		};
/* End XCConfigurationList section */
	};
	rootObject = 7CE91C0F238E7BA000CD499A /* Project object */;
}
